
Microsoft Visual Studio Solution File, Format Version 12.00
# Visual Studio Version 17
VisualStudioVersion = 17.7.34031.279
MinimumVisualStudioVersion = 10.0.40219.1
Project("{9A19103F-16F7-4668-BE54-9A1E7A4F7556}") = "NWhen", "NWhen\NWhen.csproj", "{51B0A438-6FCA-461F-8ACB-5EA6619C51F0}"
EndProject
Project("{FAE04EC0-301F-11D3-BF4B-00C04F79EFBC}") = "NWhen.Tests", "NWhen.Tests\NWhen.Tests.csproj", "{91F598A7-8E4E-4C23-95F6-6244DE980381}"
EndProject
Global
	GlobalSection(SolutionConfigurationPlatforms) = preSolution
		Debug|Any CPU = Debug|Any CPU
		Release|Any CPU = Release|Any CPU
	EndGlobalSection
	GlobalSection(ProjectConfigurationPlatforms) = postSolution
		{51B0A438-6FCA-461F-8ACB-5EA6619C51F0}.Debug|Any CPU.ActiveCfg = Debug|Any CPU
		{51B0A438-6FCA-461F-8ACB-5EA6619C51F0}.Debug|Any CPU.Build.0 = Debug|Any CPU
		{51B0A438-6FCA-461F-8ACB-5EA6619C51F0}.Release|Any CPU.ActiveCfg = Release|Any CPU
		{51B0A438-6FCA-461F-8ACB-5EA6619C51F0}.Release|Any CPU.Build.0 = Release|Any CPU
		{91F598A7-8E4E-4C23-95F6-6244DE980381}.Debug|Any CPU.ActiveCfg = Debug|Any CPU
		{91F598A7-8E4E-4C23-95F6-6244DE980381}.Debug|Any CPU.Build.0 = Debug|Any CPU
		{91F598A7-8E4E-4C23-95F6-6244DE980381}.Release|Any CPU.ActiveCfg = Release|Any CPU
		{91F598A7-8E4E-4C23-95F6-6244DE980381}.Release|Any CPU.Build.0 = Release|Any CPU
	EndGlobalSection
	GlobalSection(SolutionProperties) = preSolution
		HideSolutionNode = FALSE
	EndGlobalSection
	GlobalSection(ExtensibilityGlobals) = postSolution
		SolutionGuid = {99FE37C4-8E5F-4B90-9087-4C708477A21E}
	EndGlobalSection
EndGlobal
